// !$*UTF8*$!
{
	archiveVersion = 1;
	classes = {
	};
	objectVersion = 56;
	objects = {

/* Begin PBXBuildFile section */
		AE4E5CAC2BEDFD630088B51E /* AppDelegate.swift in Sources */ = {isa = PBXBuildFile; fileRef = AE4E5CAB2BEDFD630088B51E /* AppDelegate.swift */; };
		AE4E5CAE2BEDFD630088B51E /* SceneDelegate.swift in Sources */ = {isa = PBXBuildFile; fileRef = AE4E5CAD2BEDFD630088B51E /* SceneDelegate.swift */; };
		AE4E5CB32BEDFD630088B51E /* Base in Resources */ = {isa = PBXBuildFile; fileRef = AE4E5CB22BEDFD630088B51E /* Base */; };
		AE4E5CB52BEDFD640088B51E /* Assets.xcassets in Resources */ = {isa = PBXBuildFile; fileRef = AE4E5CB42BEDFD640088B51E /* Assets.xcassets */; };
		AE4E5CB82BEDFD640088B51E /* Base in Resources */ = {isa = PBXBuildFile; fileRef = AE4E5CB72BEDFD640088B51E /* Base */; };
		AE4E5CC32BEDFD650088B51E /* HayvanSesleriAppTests.swift in Sources */ = {isa = PBXBuildFile; fileRef = AE4E5CC22BEDFD650088B51E /* HayvanSesleriAppTests.swift */; };
		AE4E5CCD2BEDFD650088B51E /* HayvanSesleriAppUITests.swift in Sources */ = {isa = PBXBuildFile; fileRef = AE4E5CCC2BEDFD650088B51E /* HayvanSesleriAppUITests.swift */; };
		AE4E5CCF2BEDFD650088B51E /* HayvanSesleriAppUITestsLaunchTests.swift in Sources */ = {isa = PBXBuildFile; fileRef = AE4E5CCE2BEDFD650088B51E /* HayvanSesleriAppUITestsLaunchTests.swift */; };
		AE4E5CDE2BEDFF2E0088B51E /* SecondMainViewController.swift in Sources */ = {isa = PBXBuildFile; fileRef = AE4E5CDD2BEDFF2E0088B51E /* SecondMainViewController.swift */; };
		AE4E5CE02BEDFF540088B51E /* FirstMainViewController.swift in Sources */ = {isa = PBXBuildFile; fileRef = AE4E5CDF2BEDFF540088B51E /* FirstMainViewController.swift */; };
		AE4E5CE22BEE00560088B51E /* MainViewController.swift in Sources */ = {isa = PBXBuildFile; fileRef = AE4E5CE12BEE00560088B51E /* MainViewController.swift */; };
		AE802BD02BEEB7ED00EBC1EA /* fil.wav in Resources */ = {isa = PBXBuildFile; fileRef = AE802BCD2BEEB7ED00EBC1EA /* fil.wav */; };
		AE802BD12BEEB7ED00EBC1EA /* aslan.wav in Resources */ = {isa = PBXBuildFile; fileRef = AE802BCE2BEEB7ED00EBC1EA /* aslan.wav */; };
		AE802BD22BEEB7ED00EBC1EA /* maymun.wav in Resources */ = {isa = PBXBuildFile; fileRef = AE802BCF2BEEB7ED00EBC1EA /* maymun.wav */; };
		AE802BDB2BEED1AC00EBC1EA /* penguen.wav in Resources */ = {isa = PBXBuildFile; fileRef = AE802BD32BEED1AC00EBC1EA /* penguen.wav */; };
		AE802BDC2BEED1AC00EBC1EA /* zürafa.wav in Resources */ = {isa = PBXBuildFile; fileRef = AE802BD42BEED1AC00EBC1EA /* zürafa.wav */; };
		AE802BDD2BEED1AC00EBC1EA /* flamingo.wav in Resources */ = {isa = PBXBuildFile; fileRef = AE802BD52BEED1AC00EBC1EA /* flamingo.wav */; };
		AE802BDE2BEED1AC00EBC1EA /* köpek.wav in Resources */ = {isa = PBXBuildFile; fileRef = AE802BD62BEED1AC00EBC1EA /* köpek.wav */; };
		AE802BDF2BEED1AC00EBC1EA /* kedi.wav in Resources */ = {isa = PBXBuildFile; fileRef = AE802BD72BEED1AC00EBC1EA /* kedi.wav */; };
		AE802BE02BEED1AC00EBC1EA /* kaplan.wav in Resources */ = {isa = PBXBuildFile; fileRef = AE802BD82BEED1AC00EBC1EA /* kaplan.wav */; };
		AE802BE12BEED1AC00EBC1EA /* panda.wav in Resources */ = {isa = PBXBuildFile; fileRef = AE802BD92BEED1AC00EBC1EA /* panda.wav */; };
		AE802BE22BEED1AC00EBC1EA /* zebra.wav in Resources */ = {isa = PBXBuildFile; fileRef = AE802BDA2BEED1AC00EBC1EA /* zebra.wav */; };
		AE802BE82BEED73100EBC1EA /* balina.wav in Resources */ = {isa = PBXBuildFile; fileRef = AE802BE32BEED73100EBC1EA /* balina.wav */; };
		AE802BE92BEED73100EBC1EA /* samur.wav in Resources */ = {isa = PBXBuildFile; fileRef = AE802BE42BEED73100EBC1EA /* samur.wav */; };
		AE802BEA2BEED73100EBC1EA /* fok.wav in Resources */ = {isa = PBXBuildFile; fileRef = AE802BE52BEED73100EBC1EA /* fok.wav */; };
		AE802BEB2BEED73100EBC1EA /* yunus.wav in Resources */ = {isa = PBXBuildFile; fileRef = AE802BE62BEED73100EBC1EA /* yunus.wav */; };
		AE802BEC2BEED73100EBC1EA /* yengeç.wav in Resources */ = {isa = PBXBuildFile; fileRef = AE802BE72BEED73100EBC1EA /* yengeç.wav */; };
		AE802BEF2BEEDCDE00EBC1EA /* fare.wav in Resources */ = {isa = PBXBuildFile; fileRef = AE802BEE2BEEDCDE00EBC1EA /* fare.wav */; };
		AE87465D2BEF68D7003192FA /* GoogleMobileAds in Frameworks */ = {isa = PBXBuildFile; productRef = AE87465C2BEF68D7003192FA /* GoogleMobileAds */; };
/* End PBXBuildFile section */

/* Begin PBXContainerItemProxy section */
		AE4E5CBF2BEDFD650088B51E /* PBXContainerItemProxy */ = {
			isa = PBXContainerItemProxy;
			containerPortal = AE4E5CA02BEDFD630088B51E /* Project object */;
			proxyType = 1;
			remoteGlobalIDString = AE4E5CA72BEDFD630088B51E;
			remoteInfo = HayvanSesleriApp;
		};
		AE4E5CC92BEDFD650088B51E /* PBXContainerItemProxy */ = {
			isa = PBXContainerItemProxy;
			containerPortal = AE4E5CA02BEDFD630088B51E /* Project object */;
			proxyType = 1;
			remoteGlobalIDString = AE4E5CA72BEDFD630088B51E;
			remoteInfo = HayvanSesleriApp;
		};
/* End PBXContainerItemProxy section */

/* Begin PBXFileReference section */
		AE4E5CA82BEDFD630088B51E /* HayvanSesleriApp.app */ = {isa = PBXFileReference; explicitFileType = wrapper.application; includeInIndex = 0; path = HayvanSesleriApp.app; sourceTree = BUILT_PRODUCTS_DIR; };
		AE4E5CAB2BEDFD630088B51E /* AppDelegate.swift */ = {isa = PBXFileReference; lastKnownFileType = sourcecode.swift; path = AppDelegate.swift; sourceTree = "<group>"; };
		AE4E5CAD2BEDFD630088B51E /* SceneDelegate.swift */ = {isa = PBXFileReference; lastKnownFileType = sourcecode.swift; path = SceneDelegate.swift; sourceTree = "<group>"; };
		AE4E5CB22BEDFD630088B51E /* Base */ = {isa = PBXFileReference; lastKnownFileType = file.storyboard; name = Base; path = Base.lproj/Main.storyboard; sourceTree = "<group>"; };
		AE4E5CB42BEDFD640088B51E /* Assets.xcassets */ = {isa = PBXFileReference; lastKnownFileType = folder.assetcatalog; path = Assets.xcassets; sourceTree = "<group>"; };
		AE4E5CB72BEDFD640088B51E /* Base */ = {isa = PBXFileReference; lastKnownFileType = file.storyboard; name = Base; path = Base.lproj/LaunchScreen.storyboard; sourceTree = "<group>"; };
		AE4E5CB92BEDFD640088B51E /* Info.plist */ = {isa = PBXFileReference; lastKnownFileType = text.plist.xml; path = Info.plist; sourceTree = "<group>"; };
		AE4E5CBE2BEDFD650088B51E /* HayvanSesleriAppTests.xctest */ = {isa = PBXFileReference; explicitFileType = wrapper.cfbundle; includeInIndex = 0; path = HayvanSesleriAppTests.xctest; sourceTree = BUILT_PRODUCTS_DIR; };
		AE4E5CC22BEDFD650088B51E /* HayvanSesleriAppTests.swift */ = {isa = PBXFileReference; lastKnownFileType = sourcecode.swift; path = HayvanSesleriAppTests.swift; sourceTree = "<group>"; };
		AE4E5CC82BEDFD650088B51E /* HayvanSesleriAppUITests.xctest */ = {isa = PBXFileReference; explicitFileType = wrapper.cfbundle; includeInIndex = 0; path = HayvanSesleriAppUITests.xctest; sourceTree = BUILT_PRODUCTS_DIR; };
		AE4E5CCC2BEDFD650088B51E /* HayvanSesleriAppUITests.swift */ = {isa = PBXFileReference; lastKnownFileType = sourcecode.swift; path = HayvanSesleriAppUITests.swift; sourceTree = "<group>"; };
		AE4E5CCE2BEDFD650088B51E /* HayvanSesleriAppUITestsLaunchTests.swift */ = {isa = PBXFileReference; lastKnownFileType = sourcecode.swift; path = HayvanSesleriAppUITestsLaunchTests.swift; sourceTree = "<group>"; };
		AE4E5CDD2BEDFF2E0088B51E /* SecondMainViewController.swift */ = {isa = PBXFileReference; lastKnownFileType = sourcecode.swift; path = SecondMainViewController.swift; sourceTree = "<group>"; };
		AE4E5CDF2BEDFF540088B51E /* FirstMainViewController.swift */ = {isa = PBXFileReference; lastKnownFileType = sourcecode.swift; path = FirstMainViewController.swift; sourceTree = "<group>"; };
		AE4E5CE12BEE00560088B51E /* MainViewController.swift */ = {isa = PBXFileReference; lastKnownFileType = sourcecode.swift; path = MainViewController.swift; sourceTree = "<group>"; };
		AE802BCD2BEEB7ED00EBC1EA /* fil.wav */ = {isa = PBXFileReference; lastKnownFileType = audio.wav; path = fil.wav; sourceTree = "<group>"; };
		AE802BCE2BEEB7ED00EBC1EA /* aslan.wav */ = {isa = PBXFileReference; lastKnownFileType = audio.wav; path = aslan.wav; sourceTree = "<group>"; };
		AE802BCF2BEEB7ED00EBC1EA /* maymun.wav */ = {isa = PBXFileReference; lastKnownFileType = audio.wav; path = maymun.wav; sourceTree = "<group>"; };
		AE802BD32BEED1AC00EBC1EA /* penguen.wav */ = {isa = PBXFileReference; lastKnownFileType = audio.wav; path = penguen.wav; sourceTree = "<group>"; };
		AE802BD42BEED1AC00EBC1EA /* zürafa.wav */ = {isa = PBXFileReference; lastKnownFileType = audio.wav; path = "zürafa.wav"; sourceTree = "<group>"; };
		AE802BD52BEED1AC00EBC1EA /* flamingo.wav */ = {isa = PBXFileReference; lastKnownFileType = audio.wav; path = flamingo.wav; sourceTree = "<group>"; };
		AE802BD62BEED1AC00EBC1EA /* köpek.wav */ = {isa = PBXFileReference; lastKnownFileType = audio.wav; path = "köpek.wav"; sourceTree = "<group>"; };
		AE802BD72BEED1AC00EBC1EA /* kedi.wav */ = {isa = PBXFileReference; lastKnownFileType = audio.wav; path = kedi.wav; sourceTree = "<group>"; };
		AE802BD82BEED1AC00EBC1EA /* kaplan.wav */ = {isa = PBXFileReference; lastKnownFileType = audio.wav; path = kaplan.wav; sourceTree = "<group>"; };
		AE802BD92BEED1AC00EBC1EA /* panda.wav */ = {isa = PBXFileReference; lastKnownFileType = audio.wav; path = panda.wav; sourceTree = "<group>"; };
		AE802BDA2BEED1AC00EBC1EA /* zebra.wav */ = {isa = PBXFileReference; lastKnownFileType = audio.wav; path = zebra.wav; sourceTree = "<group>"; };
		AE802BE32BEED73100EBC1EA /* balina.wav */ = {isa = PBXFileReference; lastKnownFileType = audio.wav; path = balina.wav; sourceTree = "<group>"; };
		AE802BE42BEED73100EBC1EA /* samur.wav */ = {isa = PBXFileReference; lastKnownFileType = audio.wav; path = samur.wav; sourceTree = "<group>"; };
		AE802BE52BEED73100EBC1EA /* fok.wav */ = {isa = PBXFileReference; lastKnownFileType = audio.wav; path = fok.wav; sourceTree = "<group>"; };
		AE802BE62BEED73100EBC1EA /* yunus.wav */ = {isa = PBXFileReference; lastKnownFileType = audio.wav; path = yunus.wav; sourceTree = "<group>"; };
		AE802BE72BEED73100EBC1EA /* yengeç.wav */ = {isa = PBXFileReference; lastKnownFileType = audio.wav; path = "yengeç.wav"; sourceTree = "<group>"; };
		AE802BEE2BEEDCDE00EBC1EA /* fare.wav */ = {isa = PBXFileReference; lastKnownFileType = audio.wav; path = fare.wav; sourceTree = "<group>"; };
/* End PBXFileReference section */

/* Begin PBXFrameworksBuildPhase section */
		AE4E5CA52BEDFD630088B51E /* Frameworks */ = {
			isa = PBXFrameworksBuildPhase;
			buildActionMask = 2147483647;
			files = (
				AE87465D2BEF68D7003192FA /* GoogleMobileAds in Frameworks */,
			);
			runOnlyForDeploymentPostprocessing = 0;
		};
		AE4E5CBB2BEDFD650088B51E /* Frameworks */ = {
			isa = PBXFrameworksBuildPhase;
			buildActionMask = 2147483647;
			files = (
			);
			runOnlyForDeploymentPostprocessing = 0;
		};
		AE4E5CC52BEDFD650088B51E /* Frameworks */ = {
			isa = PBXFrameworksBuildPhase;
			buildActionMask = 2147483647;
			files = (
			);
			runOnlyForDeploymentPostprocessing = 0;
		};
/* End PBXFrameworksBuildPhase section */

/* Begin PBXGroup section */
		AE4E5C9F2BEDFD630088B51E = {
			isa = PBXGroup;
			children = (
				AE4E5CAA2BEDFD630088B51E /* HayvanSesleriApp */,
				AE4E5CC12BEDFD650088B51E /* HayvanSesleriAppTests */,
				AE4E5CCB2BEDFD650088B51E /* HayvanSesleriAppUITests */,
				AE4E5CA92BEDFD630088B51E /* Products */,
			);
			sourceTree = "<group>";
		};
		AE4E5CA92BEDFD630088B51E /* Products */ = {
			isa = PBXGroup;
			children = (
				AE4E5CA82BEDFD630088B51E /* HayvanSesleriApp.app */,
				AE4E5CBE2BEDFD650088B51E /* HayvanSesleriAppTests.xctest */,
				AE4E5CC82BEDFD650088B51E /* HayvanSesleriAppUITests.xctest */,
			);
			name = Products;
			sourceTree = "<group>";
		};
		AE4E5CAA2BEDFD630088B51E /* HayvanSesleriApp */ = {
			isa = PBXGroup;
			children = (
				AE4E5CDB2BEDFEC00088B51E /* Delegate */,
				AE4E5CDC2BEDFECE0088B51E /* MainViewController */,
				AE4E5CB12BEDFD630088B51E /* Main.storyboard */,
				AE4E5CB42BEDFD640088B51E /* Assets.xcassets */,
				AE4E5CB62BEDFD640088B51E /* LaunchScreen.storyboard */,
				AE4E5CB92BEDFD640088B51E /* Info.plist */,
			);
			path = HayvanSesleriApp;
			sourceTree = "<group>";
		};
		AE4E5CC12BEDFD650088B51E /* HayvanSesleriAppTests */ = {
			isa = PBXGroup;
			children = (
				AE4E5CC22BEDFD650088B51E /* HayvanSesleriAppTests.swift */,
			);
			path = HayvanSesleriAppTests;
			sourceTree = "<group>";
		};
		AE4E5CCB2BEDFD650088B51E /* HayvanSesleriAppUITests */ = {
			isa = PBXGroup;
			children = (
				AE4E5CCC2BEDFD650088B51E /* HayvanSesleriAppUITests.swift */,
				AE4E5CCE2BEDFD650088B51E /* HayvanSesleriAppUITestsLaunchTests.swift */,
			);
			path = HayvanSesleriAppUITests;
			sourceTree = "<group>";
		};
		AE4E5CDB2BEDFEC00088B51E /* Delegate */ = {
			isa = PBXGroup;
			children = (
				AE4E5CAB2BEDFD630088B51E /* AppDelegate.swift */,
				AE4E5CAD2BEDFD630088B51E /* SceneDelegate.swift */,
			);
			path = Delegate;
			sourceTree = "<group>";
		};
		AE4E5CDC2BEDFECE0088B51E /* MainViewController */ = {
			isa = PBXGroup;
			children = (
				AE802BED2BEED8B200EBC1EA /* Sesler */,
				AE4E5CE12BEE00560088B51E /* MainViewController.swift */,
				AE4E5CDF2BEDFF540088B51E /* FirstMainViewController.swift */,
				AE4E5CDD2BEDFF2E0088B51E /* SecondMainViewController.swift */,
			);
			path = MainViewController;
			sourceTree = "<group>";
		};
		AE802BED2BEED8B200EBC1EA /* Sesler */ = {
			isa = PBXGroup;
			children = (
				AE802BEE2BEEDCDE00EBC1EA /* fare.wav */,
				AE802BE32BEED73100EBC1EA /* balina.wav */,
				AE802BE52BEED73100EBC1EA /* fok.wav */,
				AE802BE42BEED73100EBC1EA /* samur.wav */,
				AE802BE72BEED73100EBC1EA /* yengeç.wav */,
				AE802BE62BEED73100EBC1EA /* yunus.wav */,
				AE802BD52BEED1AC00EBC1EA /* flamingo.wav */,
				AE802BD82BEED1AC00EBC1EA /* kaplan.wav */,
				AE802BD72BEED1AC00EBC1EA /* kedi.wav */,
				AE802BD62BEED1AC00EBC1EA /* köpek.wav */,
				AE802BD92BEED1AC00EBC1EA /* panda.wav */,
				AE802BD32BEED1AC00EBC1EA /* penguen.wav */,
				AE802BDA2BEED1AC00EBC1EA /* zebra.wav */,
				AE802BD42BEED1AC00EBC1EA /* zürafa.wav */,
				AE802BCE2BEEB7ED00EBC1EA /* aslan.wav */,
				AE802BCD2BEEB7ED00EBC1EA /* fil.wav */,
				AE802BCF2BEEB7ED00EBC1EA /* maymun.wav */,
			);
			path = Sesler;
			sourceTree = "<group>";
		};
/* End PBXGroup section */

/* Begin PBXNativeTarget section */
		AE4E5CA72BEDFD630088B51E /* HayvanSesleriApp */ = {
			isa = PBXNativeTarget;
			buildConfigurationList = AE4E5CD22BEDFD650088B51E /* Build configuration list for PBXNativeTarget "HayvanSesleriApp" */;
			buildPhases = (
				AE4E5CA42BEDFD630088B51E /* Sources */,
				AE4E5CA52BEDFD630088B51E /* Frameworks */,
				AE4E5CA62BEDFD630088B51E /* Resources */,
			);
			buildRules = (
			);
			dependencies = (
			);
			name = HayvanSesleriApp;
			packageProductDependencies = (
				AE87465C2BEF68D7003192FA /* GoogleMobileAds */,
			);
			productName = HayvanSesleriApp;
			productReference = AE4E5CA82BEDFD630088B51E /* HayvanSesleriApp.app */;
			productType = "com.apple.product-type.application";
		};
		AE4E5CBD2BEDFD650088B51E /* HayvanSesleriAppTests */ = {
			isa = PBXNativeTarget;
			buildConfigurationList = AE4E5CD52BEDFD650088B51E /* Build configuration list for PBXNativeTarget "HayvanSesleriAppTests" */;
			buildPhases = (
				AE4E5CBA2BEDFD650088B51E /* Sources */,
				AE4E5CBB2BEDFD650088B51E /* Frameworks */,
				AE4E5CBC2BEDFD650088B51E /* Resources */,
			);
			buildRules = (
			);
			dependencies = (
				AE4E5CC02BEDFD650088B51E /* PBXTargetDependency */,
			);
			name = HayvanSesleriAppTests;
			productName = HayvanSesleriAppTests;
			productReference = AE4E5CBE2BEDFD650088B51E /* HayvanSesleriAppTests.xctest */;
			productType = "com.apple.product-type.bundle.unit-test";
		};
		AE4E5CC72BEDFD650088B51E /* HayvanSesleriAppUITests */ = {
			isa = PBXNativeTarget;
			buildConfigurationList = AE4E5CD82BEDFD650088B51E /* Build configuration list for PBXNativeTarget "HayvanSesleriAppUITests" */;
			buildPhases = (
				AE4E5CC42BEDFD650088B51E /* Sources */,
				AE4E5CC52BEDFD650088B51E /* Frameworks */,
				AE4E5CC62BEDFD650088B51E /* Resources */,
			);
			buildRules = (
			);
			dependencies = (
				AE4E5CCA2BEDFD650088B51E /* PBXTargetDependency */,
			);
			name = HayvanSesleriAppUITests;
			productName = HayvanSesleriAppUITests;
			productReference = AE4E5CC82BEDFD650088B51E /* HayvanSesleriAppUITests.xctest */;
			productType = "com.apple.product-type.bundle.ui-testing";
		};
/* End PBXNativeTarget section */

/* Begin PBXProject section */
		AE4E5CA02BEDFD630088B51E /* Project object */ = {
			isa = PBXProject;
			attributes = {
				BuildIndependentTargetsInParallel = 1;
				LastSwiftUpdateCheck = 1530;
				LastUpgradeCheck = 1530;
				TargetAttributes = {
					AE4E5CA72BEDFD630088B51E = {
						CreatedOnToolsVersion = 15.3;
					};
					AE4E5CBD2BEDFD650088B51E = {
						CreatedOnToolsVersion = 15.3;
						TestTargetID = AE4E5CA72BEDFD630088B51E;
					};
					AE4E5CC72BEDFD650088B51E = {
						CreatedOnToolsVersion = 15.3;
						TestTargetID = AE4E5CA72BEDFD630088B51E;
					};
				};
			};
			buildConfigurationList = AE4E5CA32BEDFD630088B51E /* Build configuration list for PBXProject "HayvanSesleriApp" */;
			compatibilityVersion = "Xcode 14.0";
			developmentRegion = en;
			hasScannedForEncodings = 0;
			knownRegions = (
				en,
				Base,
			);
			mainGroup = AE4E5C9F2BEDFD630088B51E;
			packageReferences = (
				AE87465B2BEF68D7003192FA /* XCRemoteSwiftPackageReference "swift-package-manager-google-mobile-ads" */,
			);
			productRefGroup = AE4E5CA92BEDFD630088B51E /* Products */;
			projectDirPath = "";
			projectRoot = "";
			targets = (
				AE4E5CA72BEDFD630088B51E /* HayvanSesleriApp */,
				AE4E5CBD2BEDFD650088B51E /* HayvanSesleriAppTests */,
				AE4E5CC72BEDFD650088B51E /* HayvanSesleriAppUITests */,
			);
		};
/* End PBXProject section */

/* Begin PBXResourcesBuildPhase section */
		AE4E5CA62BEDFD630088B51E /* Resources */ = {
			isa = PBXResourcesBuildPhase;
			buildActionMask = 2147483647;
			files = (
				AE802BDC2BEED1AC00EBC1EA /* zürafa.wav in Resources */,
				AE802BEC2BEED73100EBC1EA /* yengeç.wav in Resources */,
				AE4E5CB52BEDFD640088B51E /* Assets.xcassets in Resources */,
				AE802BD22BEEB7ED00EBC1EA /* maymun.wav in Resources */,
				AE4E5CB82BEDFD640088B51E /* Base in Resources */,
				AE802BD12BEEB7ED00EBC1EA /* aslan.wav in Resources */,
				AE802BE12BEED1AC00EBC1EA /* panda.wav in Resources */,
				AE802BE02BEED1AC00EBC1EA /* kaplan.wav in Resources */,
				AE802BDF2BEED1AC00EBC1EA /* kedi.wav in Resources */,
				AE802BD02BEEB7ED00EBC1EA /* fil.wav in Resources */,
				AE802BEF2BEEDCDE00EBC1EA /* fare.wav in Resources */,
				AE802BEB2BEED73100EBC1EA /* yunus.wav in Resources */,
				AE802BE82BEED73100EBC1EA /* balina.wav in Resources */,
				AE802BEA2BEED73100EBC1EA /* fok.wav in Resources */,
				AE802BDB2BEED1AC00EBC1EA /* penguen.wav in Resources */,
				AE802BDD2BEED1AC00EBC1EA /* flamingo.wav in Resources */,
				AE802BE22BEED1AC00EBC1EA /* zebra.wav in Resources */,
				AE802BE92BEED73100EBC1EA /* samur.wav in Resources */,
				AE802BDE2BEED1AC00EBC1EA /* köpek.wav in Resources */,
				AE4E5CB32BEDFD630088B51E /* Base in Resources */,
			);
			runOnlyForDeploymentPostprocessing = 0;
		};
		AE4E5CBC2BEDFD650088B51E /* Resources */ = {
			isa = PBXResourcesBuildPhase;
			buildActionMask = 2147483647;
			files = (
			);
			runOnlyForDeploymentPostprocessing = 0;
		};
		AE4E5CC62BEDFD650088B51E /* Resources */ = {
			isa = PBXResourcesBuildPhase;
			buildActionMask = 2147483647;
			files = (
			);
			runOnlyForDeploymentPostprocessing = 0;
		};
/* End PBXResourcesBuildPhase section */

/* Begin PBXSourcesBuildPhase section */
		AE4E5CA42BEDFD630088B51E /* Sources */ = {
			isa = PBXSourcesBuildPhase;
			buildActionMask = 2147483647;
			files = (
				AE4E5CAC2BEDFD630088B51E /* AppDelegate.swift in Sources */,
				AE4E5CE02BEDFF540088B51E /* FirstMainViewController.swift in Sources */,
				AE4E5CAE2BEDFD630088B51E /* SceneDelegate.swift in Sources */,
				AE4E5CDE2BEDFF2E0088B51E /* SecondMainViewController.swift in Sources */,
				AE4E5CE22BEE00560088B51E /* MainViewController.swift in Sources */,
			);
			runOnlyForDeploymentPostprocessing = 0;
		};
		AE4E5CBA2BEDFD650088B51E /* Sources */ = {
			isa = PBXSourcesBuildPhase;
			buildActionMask = 2147483647;
			files = (
				AE4E5CC32BEDFD650088B51E /* HayvanSesleriAppTests.swift in Sources */,
			);
			runOnlyForDeploymentPostprocessing = 0;
		};
		AE4E5CC42BEDFD650088B51E /* Sources */ = {
			isa = PBXSourcesBuildPhase;
			buildActionMask = 2147483647;
			files = (
				AE4E5CCD2BEDFD650088B51E /* HayvanSesleriAppUITests.swift in Sources */,
				AE4E5CCF2BEDFD650088B51E /* HayvanSesleriAppUITestsLaunchTests.swift in Sources */,
			);
			runOnlyForDeploymentPostprocessing = 0;
		};
/* End PBXSourcesBuildPhase section */

/* Begin PBXTargetDependency section */
		AE4E5CC02BEDFD650088B51E /* PBXTargetDependency */ = {
			isa = PBXTargetDependency;
			target = AE4E5CA72BEDFD630088B51E /* HayvanSesleriApp */;
			targetProxy = AE4E5CBF2BEDFD650088B51E /* PBXContainerItemProxy */;
		};
		AE4E5CCA2BEDFD650088B51E /* PBXTargetDependency */ = {
			isa = PBXTargetDependency;
			target = AE4E5CA72BEDFD630088B51E /* HayvanSesleriApp */;
			targetProxy = AE4E5CC92BEDFD650088B51E /* PBXContainerItemProxy */;
		};
/* End PBXTargetDependency section */

/* Begin PBXVariantGroup section */
		AE4E5CB12BEDFD630088B51E /* Main.storyboard */ = {
			isa = PBXVariantGroup;
			children = (
				AE4E5CB22BEDFD630088B51E /* Base */,
			);
			name = Main.storyboard;
			sourceTree = "<group>";
		};
		AE4E5CB62BEDFD640088B51E /* LaunchScreen.storyboard */ = {
			isa = PBXVariantGroup;
			children = (
				AE4E5CB72BEDFD640088B51E /* Base */,
			);
			name = LaunchScreen.storyboard;
			sourceTree = "<group>";
		};
/* End PBXVariantGroup section */

/* Begin XCBuildConfiguration section */
		AE4E5CD02BEDFD650088B51E /* Debug */ = {
			isa = XCBuildConfiguration;
			buildSettings = {
				ALWAYS_SEARCH_USER_PATHS = NO;
				ASSETCATALOG_COMPILER_GENERATE_SWIFT_ASSET_SYMBOL_EXTENSIONS = YES;
				CLANG_ANALYZER_NONNULL = YES;
				CLANG_ANALYZER_NUMBER_OBJECT_CONVERSION = YES_AGGRESSIVE;
				CLANG_CXX_LANGUAGE_STANDARD = "gnu++20";
				CLANG_ENABLE_MODULES = YES;
				CLANG_ENABLE_OBJC_ARC = YES;
				CLANG_ENABLE_OBJC_WEAK = YES;
				CLANG_WARN_BLOCK_CAPTURE_AUTORELEASING = YES;
				CLANG_WARN_BOOL_CONVERSION = YES;
				CLANG_WARN_COMMA = YES;
				CLANG_WARN_CONSTANT_CONVERSION = YES;
				CLANG_WARN_DEPRECATED_OBJC_IMPLEMENTATIONS = YES;
				CLANG_WARN_DIRECT_OBJC_ISA_USAGE = YES_ERROR;
				CLANG_WARN_DOCUMENTATION_COMMENTS = YES;
				CLANG_WARN_EMPTY_BODY = YES;
				CLANG_WARN_ENUM_CONVERSION = YES;
				CLANG_WARN_INFINITE_RECURSION = YES;
				CLANG_WARN_INT_CONVERSION = YES;
				CLANG_WARN_NON_LITERAL_NULL_CONVERSION = YES;
				CLANG_WARN_OBJC_IMPLICIT_RETAIN_SELF = YES;
				CLANG_WARN_OBJC_LITERAL_CONVERSION = YES;
				CLANG_WARN_OBJC_ROOT_CLASS = YES_ERROR;
				CLANG_WARN_QUOTED_INCLUDE_IN_FRAMEWORK_HEADER = YES;
				CLANG_WARN_RANGE_LOOP_ANALYSIS = YES;
				CLANG_WARN_STRICT_PROTOTYPES = YES;
				CLANG_WARN_SUSPICIOUS_MOVE = YES;
				CLANG_WARN_UNGUARDED_AVAILABILITY = YES_AGGRESSIVE;
				CLANG_WARN_UNREACHABLE_CODE = YES;
				CLANG_WARN__DUPLICATE_METHOD_MATCH = YES;
				COPY_PHASE_STRIP = NO;
				DEBUG_INFORMATION_FORMAT = dwarf;
				ENABLE_STRICT_OBJC_MSGSEND = YES;
				ENABLE_TESTABILITY = YES;
				ENABLE_USER_SCRIPT_SANDBOXING = YES;
				GCC_C_LANGUAGE_STANDARD = gnu17;
				GCC_DYNAMIC_NO_PIC = NO;
				GCC_NO_COMMON_BLOCKS = YES;
				GCC_OPTIMIZATION_LEVEL = 0;
				GCC_PREPROCESSOR_DEFINITIONS = (
					"DEBUG=1",
					"$(inherited)",
				);
				GCC_WARN_64_TO_32_BIT_CONVERSION = YES;
				GCC_WARN_ABOUT_RETURN_TYPE = YES_ERROR;
				GCC_WARN_UNDECLARED_SELECTOR = YES;
				GCC_WARN_UNINITIALIZED_AUTOS = YES_AGGRESSIVE;
				GCC_WARN_UNUSED_FUNCTION = YES;
				GCC_WARN_UNUSED_VARIABLE = YES;
				IPHONEOS_DEPLOYMENT_TARGET = 17.4;
				LOCALIZATION_PREFERS_STRING_CATALOGS = YES;
				MTL_ENABLE_DEBUG_INFO = INCLUDE_SOURCE;
				MTL_FAST_MATH = YES;
				ONLY_ACTIVE_ARCH = YES;
				OTHER_LDFLAGS = "";
				SDKROOT = iphoneos;
				SWIFT_ACTIVE_COMPILATION_CONDITIONS = "DEBUG $(inherited)";
				SWIFT_OPTIMIZATION_LEVEL = "-Onone";
			};
			name = Debug;
		};
		AE4E5CD12BEDFD650088B51E /* Release */ = {
			isa = XCBuildConfiguration;
			buildSettings = {
				ALWAYS_SEARCH_USER_PATHS = NO;
				ASSETCATALOG_COMPILER_GENERATE_SWIFT_ASSET_SYMBOL_EXTENSIONS = YES;
				CLANG_ANALYZER_NONNULL = YES;
				CLANG_ANALYZER_NUMBER_OBJECT_CONVERSION = YES_AGGRESSIVE;
				CLANG_CXX_LANGUAGE_STANDARD = "gnu++20";
				CLANG_ENABLE_MODULES = YES;
				CLANG_ENABLE_OBJC_ARC = YES;
				CLANG_ENABLE_OBJC_WEAK = YES;
				CLANG_WARN_BLOCK_CAPTURE_AUTORELEASING = YES;
				CLANG_WARN_BOOL_CONVERSION = YES;
				CLANG_WARN_COMMA = YES;
				CLANG_WARN_CONSTANT_CONVERSION = YES;
				CLANG_WARN_DEPRECATED_OBJC_IMPLEMENTATIONS = YES;
				CLANG_WARN_DIRECT_OBJC_ISA_USAGE = YES_ERROR;
				CLANG_WARN_DOCUMENTATION_COMMENTS = YES;
				CLANG_WARN_EMPTY_BODY = YES;
				CLANG_WARN_ENUM_CONVERSION = YES;
				CLANG_WARN_INFINITE_RECURSION = YES;
				CLANG_WARN_INT_CONVERSION = YES;
				CLANG_WARN_NON_LITERAL_NULL_CONVERSION = YES;
				CLANG_WARN_OBJC_IMPLICIT_RETAIN_SELF = YES;
				CLANG_WARN_OBJC_LITERAL_CONVERSION = YES;
				CLANG_WARN_OBJC_ROOT_CLASS = YES_ERROR;
				CLANG_WARN_QUOTED_INCLUDE_IN_FRAMEWORK_HEADER = YES;
				CLANG_WARN_RANGE_LOOP_ANALYSIS = YES;
				CLANG_WARN_STRICT_PROTOTYPES = YES;
				CLANG_WARN_SUSPICIOUS_MOVE = YES;
				CLANG_WARN_UNGUARDED_AVAILABILITY = YES_AGGRESSIVE;
				CLANG_WARN_UNREACHABLE_CODE = YES;
				CLANG_WARN__DUPLICATE_METHOD_MATCH = YES;
				COPY_PHASE_STRIP = NO;
				DEBUG_INFORMATION_FORMAT = "dwarf-with-dsym";
				ENABLE_NS_ASSERTIONS = NO;
				ENABLE_STRICT_OBJC_MSGSEND = YES;
				ENABLE_USER_SCRIPT_SANDBOXING = YES;
				GCC_C_LANGUAGE_STANDARD = gnu17;
				GCC_NO_COMMON_BLOCKS = YES;
				GCC_WARN_64_TO_32_BIT_CONVERSION = YES;
				GCC_WARN_ABOUT_RETURN_TYPE = YES_ERROR;
				GCC_WARN_UNDECLARED_SELECTOR = YES;
				GCC_WARN_UNINITIALIZED_AUTOS = YES_AGGRESSIVE;
				GCC_WARN_UNUSED_FUNCTION = YES;
				GCC_WARN_UNUSED_VARIABLE = YES;
				IPHONEOS_DEPLOYMENT_TARGET = 17.4;
				LOCALIZATION_PREFERS_STRING_CATALOGS = YES;
				MTL_ENABLE_DEBUG_INFO = NO;
				MTL_FAST_MATH = YES;
				OTHER_LDFLAGS = "";
				SDKROOT = iphoneos;
				SWIFT_COMPILATION_MODE = wholemodule;
				VALIDATE_PRODUCT = YES;
			};
			name = Release;
		};
		AE4E5CD32BEDFD650088B51E /* Debug */ = {
			isa = XCBuildConfiguration;
			buildSettings = {
				ASSETCATALOG_COMPILER_APPICON_NAME = AppIcon;
				ASSETCATALOG_COMPILER_GLOBAL_ACCENT_COLOR_NAME = AccentColor;
				CODE_SIGN_STYLE = Automatic;
				CURRENT_PROJECT_VERSION = 1;
				DEVELOPMENT_TEAM = J6767NCB7S;
				GENERATE_INFOPLIST_FILE = YES;
				INFOPLIST_FILE = HayvanSesleriApp/Info.plist;
				INFOPLIST_KEY_CFBundleDisplayName = "Hayvan Seslerini Öğreniyorum - ABC";
				INFOPLIST_KEY_LSApplicationCategoryType = "public.app-category.education";
				INFOPLIST_KEY_UIApplicationSupportsIndirectInputEvents = YES;
				INFOPLIST_KEY_UILaunchStoryboardName = LaunchScreen;
				INFOPLIST_KEY_UIMainStoryboardFile = Main;
				INFOPLIST_KEY_UIRequiresFullScreen = YES;
				INFOPLIST_KEY_UIStatusBarStyle = "";
				INFOPLIST_KEY_UISupportedInterfaceOrientations = UIInterfaceOrientationPortrait;
				IPHONEOS_DEPLOYMENT_TARGET = 17.4;
				LD_RUNPATH_SEARCH_PATHS = (
					"$(inherited)",
					"@executable_path/Frameworks",
				);
				MARKETING_VERSION = 1.1;
				OTHER_LDFLAGS = "";
				PRODUCT_BUNDLE_IDENTIFIER = com.serdaraltindas.HayvanSesleriApp;
				PRODUCT_NAME = "$(TARGET_NAME)";
				SUPPORTED_PLATFORMS = "iphoneos iphonesimulator";
				SUPPORTS_MACCATALYST = NO;
				SUPPORTS_XR_DESIGNED_FOR_IPHONE_IPAD = NO;
				SWIFT_EMIT_LOC_STRINGS = YES;
				SWIFT_VERSION = 5.0;
				TARGETED_DEVICE_FAMILY = "1,2";
			};
			name = Debug;
		};
		AE4E5CD42BEDFD650088B51E /* Release */ = {
			isa = XCBuildConfiguration;
			buildSettings = {
				ASSETCATALOG_COMPILER_APPICON_NAME = AppIcon;
				ASSETCATALOG_COMPILER_GLOBAL_ACCENT_COLOR_NAME = AccentColor;
				CODE_SIGN_STYLE = Automatic;
				CURRENT_PROJECT_VERSION = 1;
				DEVELOPMENT_TEAM = J6767NCB7S;
				GENERATE_INFOPLIST_FILE = YES;
				INFOPLIST_FILE = HayvanSesleriApp/Info.plist;
				INFOPLIST_KEY_CFBundleDisplayName = "Hayvan Seslerini Öğreniyorum - ABC";
				INFOPLIST_KEY_LSApplicationCategoryType = "public.app-category.education";
				INFOPLIST_KEY_UIApplicationSupportsIndirectInputEvents = YES;
				INFOPLIST_KEY_UILaunchStoryboardName = LaunchScreen;
				INFOPLIST_KEY_UIMainStoryboardFile = Main;
				INFOPLIST_KEY_UIRequiresFullScreen = YES;
				INFOPLIST_KEY_UIStatusBarStyle = "";
				INFOPLIST_KEY_UISupportedInterfaceOrientations = UIInterfaceOrientationPortrait;
				IPHONEOS_DEPLOYMENT_TARGET = 17.4;
				LD_RUNPATH_SEARCH_PATHS = (
					"$(inherited)",
					"@executable_path/Frameworks",
				);
				MARKETING_VERSION = 1.1;
				OTHER_LDFLAGS = "";
				PRODUCT_BUNDLE_IDENTIFIER = com.serdaraltindas.HayvanSesleriApp;
				PRODUCT_NAME = "$(TARGET_NAME)";
				SUPPORTED_PLATFORMS = "iphoneos iphonesimulator";
				SUPPORTS_MACCATALYST = NO;
				SUPPORTS_XR_DESIGNED_FOR_IPHONE_IPAD = NO;
				SWIFT_EMIT_LOC_STRINGS = YES;
				SWIFT_VERSION = 5.0;
				TARGETED_DEVICE_FAMILY = "1,2";
			};
			name = Release;
		};
		AE4E5CD62BEDFD650088B51E /* Debug */ = {
			isa = XCBuildConfiguration;
			buildSettings = {
				ALWAYS_EMBED_SWIFT_STANDARD_LIBRARIES = YES;
				BUNDLE_LOADER = "$(TEST_HOST)";
				CODE_SIGN_STYLE = Automatic;
				CURRENT_PROJECT_VERSION = 1;
				GENERATE_INFOPLIST_FILE = YES;
				IPHONEOS_DEPLOYMENT_TARGET = 17.4;
				MARKETING_VERSION = 1.0;
				PRODUCT_BUNDLE_IDENTIFIER = com.serdaraltindas.HayvanSesleriAppTests;
				PRODUCT_NAME = "$(TARGET_NAME)";
				SWIFT_EMIT_LOC_STRINGS = NO;
				SWIFT_VERSION = 5.0;
				TARGETED_DEVICE_FAMILY = "1,2";
				TEST_HOST = "$(BUILT_PRODUCTS_DIR)/HayvanSesleriApp.app/$(BUNDLE_EXECUTABLE_FOLDER_PATH)/HayvanSesleriApp";
			};
			name = Debug;
		};
		AE4E5CD72BEDFD650088B51E /* Release */ = {
			isa = XCBuildConfiguration;
			buildSettings = {
				ALWAYS_EMBED_SWIFT_STANDARD_LIBRARIES = YES;
				BUNDLE_LOADER = "$(TEST_HOST)";
				CODE_SIGN_STYLE = Automatic;
				CURRENT_PROJECT_VERSION = 1;
				GENERATE_INFOPLIST_FILE = YES;
				IPHONEOS_DEPLOYMENT_TARGET = 17.4;
				MARKETING_VERSION = 1.0;
				PRODUCT_BUNDLE_IDENTIFIER = com.serdaraltindas.HayvanSesleriAppTests;
				PRODUCT_NAME = "$(TARGET_NAME)";
				SWIFT_EMIT_LOC_STRINGS = NO;
				SWIFT_VERSION = 5.0;
				TARGETED_DEVICE_FAMILY = "1,2";
				TEST_HOST = "$(BUILT_PRODUCTS_DIR)/HayvanSesleriApp.app/$(BUNDLE_EXECUTABLE_FOLDER_PATH)/HayvanSesleriApp";
			};
			name = Release;
		};
		AE4E5CD92BEDFD650088B51E /* Debug */ = {
			isa = XCBuildConfiguration;
			buildSettings = {
				ALWAYS_EMBED_SWIFT_STANDARD_LIBRARIES = YES;
				CODE_SIGN_STYLE = Automatic;
				CURRENT_PROJECT_VERSION = 1;
				GENERATE_INFOPLIST_FILE = YES;
				MARKETING_VERSION = 1.0;
				PRODUCT_BUNDLE_IDENTIFIER = com.serdaraltindas.HayvanSesleriAppUITests;
				PRODUCT_NAME = "$(TARGET_NAME)";
				SWIFT_EMIT_LOC_STRINGS = NO;
				SWIFT_VERSION = 5.0;
				TARGETED_DEVICE_FAMILY = "1,2";
				TEST_TARGET_NAME = HayvanSesleriApp;
			};
			name = Debug;
		};
		AE4E5CDA2BEDFD650088B51E /* Release */ = {
			isa = XCBuildConfiguration;
			buildSettings = {
				ALWAYS_EMBED_SWIFT_STANDARD_LIBRARIES = YES;
				CODE_SIGN_STYLE = Automatic;
				CURRENT_PROJECT_VERSION = 1;
				GENERATE_INFOPLIST_FILE = YES;
				MARKETING_VERSION = 1.0;
				PRODUCT_BUNDLE_IDENTIFIER = com.serdaraltindas.HayvanSesleriAppUITests;
				PRODUCT_NAME = "$(TARGET_NAME)";
				SWIFT_EMIT_LOC_STRINGS = NO;
				SWIFT_VERSION = 5.0;
				TARGETED_DEVICE_FAMILY = "1,2";
				TEST_TARGET_NAME = HayvanSesleriApp;
			};
			name = Release;
		};
/* End XCBuildConfiguration section */

/* Begin XCConfigurationList section */
		AE4E5CA32BEDFD630088B51E /* Build configuration list for PBXProject "HayvanSesleriApp" */ = {
			isa = XCConfigurationList;
			buildConfigurations = (
				AE4E5CD02BEDFD650088B51E /* Debug */,
				AE4E5CD12BEDFD650088B51E /* Release */,
			);
			defaultConfigurationIsVisible = 0;
			defaultConfigurationName = Release;
		};
		AE4E5CD22BEDFD650088B51E /* Build configuration list for PBXNativeTarget "HayvanSesleriApp" */ = {
			isa = XCConfigurationList;
			buildConfigurations = (
				AE4E5CD32BEDFD650088B51E /* Debug */,
				AE4E5CD42BEDFD650088B51E /* Release */,
			);
			defaultConfigurationIsVisible = 0;
			defaultConfigurationName = Release;
		};
		AE4E5CD52BEDFD650088B51E /* Build configuration list for PBXNativeTarget "HayvanSesleriAppTests" */ = {
			isa = XCConfigurationList;
			buildConfigurations = (
				AE4E5CD62BEDFD650088B51E /* Debug */,
				AE4E5CD72BEDFD650088B51E /* Release */,
			);
			defaultConfigurationIsVisible = 0;
			defaultConfigurationName = Release;
		};
		AE4E5CD82BEDFD650088B51E /* Build configuration list for PBXNativeTarget "HayvanSesleriAppUITests" */ = {
			isa = XCConfigurationList;
			buildConfigurations = (
				AE4E5CD92BEDFD650088B51E /* Debug */,
				AE4E5CDA2BEDFD650088B51E /* Release */,
			);
			defaultConfigurationIsVisible = 0;
			defaultConfigurationName = Release;
		};
/* End XCConfigurationList section */

/* Begin XCRemoteSwiftPackageReference section */
		AE87465B2BEF68D7003192FA /* XCRemoteSwiftPackageReference "swift-package-manager-google-mobile-ads" */ = {
			isa = XCRemoteSwiftPackageReference;
			repositoryURL = "https://github.com/googleads/swift-package-manager-google-mobile-ads.git";
			requirement = {
				kind = upToNextMajorVersion;
				minimumVersion = 11.4.0;
			};
		};
/* End XCRemoteSwiftPackageReference section */

/* Begin XCSwiftPackageProductDependency section */
		AE87465C2BEF68D7003192FA /* GoogleMobileAds */ = {
			isa = XCSwiftPackageProductDependency;
			package = AE87465B2BEF68D7003192FA /* XCRemoteSwiftPackageReference "swift-package-manager-google-mobile-ads" */;
			productName = GoogleMobileAds;
		};
/* End XCSwiftPackageProductDependency section */
	};
	rootObject = AE4E5CA02BEDFD630088B51E /* Project object */;
}
